{
  "originHash" : "11f8ed18a640fdb6b0a8f4d2ebc5f7de426de31bd529a324365a925cb772ff04",
  "pins" : [
    {
      "identity" : "playdoro",
      "kind" : "localSourceControl",
      "location" : "/Users/mathew/Development/playdoro",
      "state" : {
        "branch" : "main",
        "revision" : "7470b2bd93414fc5c994b10d59e600c459bd929c"
      }
    },
    {
      "identity" : "swift-log",
      "kind" : "remoteSourceControl",
      "location" : "https://github.com/apple/swift-log.git",
      "state" : {
        "revision" : "3ffafb9722d5d918c614feb496c8789a3b59d222",
        "version" : "1.15.0"
      }
    }
  ],
  "version" : 3
}
