{
  "originHash" : "3771c650e7c4233db518e1c1997e9e24d9ef577fd81ca28eb8ca653ca563f40a",
  "pins" : [
    {
      "identity" : "plexodoro",
      "kind" : "localSourceControl",
      "location" : "/Users/mathew/Development/plexodoro",
      "state" : {
        "branch" : "main",
        "revision" : "45f0378e11a24aa160d6e619e0df9c3be361c797"
      }
    },
    {
      "identity" : "swift-log",
      "kind" : "remoteSourceControl",
      "location" : "https://github.com/apple/swift-log.git",
      "state" : {
        "revision" : "3ffafb9722d5d918c614feb496c8789a3b59d222",
        "version" : "1.15.0"
      }
    }
  ],
  "version" : 3
}
